
Microsoft Visual Studio Solution File, Format Version 12.00
# Visual Studio 15
VisualStudioVersion = 15.0.28307.438
MinimumVisualStudioVersion = 10.0.40219.1
Project("{FAE04EC0-301F-11D3-BF4B-00C04F79EFBC}") = "Eventyrspil 3.0", "Eventyrspil 3.0\Eventyrspil 3.0.csproj", "{0E280D1F-F9CF-469E-999F-BCCEAA6EAC30}"
EndProject
Global
	GlobalSection(SolutionConfigurationPlatforms) = preSolution
		Debug|Any CPU = Debug|Any CPU
		Release|Any CPU = Release|Any CPU
	EndGlobalSection
	GlobalSection(ProjectConfigurationPlatforms) = postSolution
		{0E280D1F-F9CF-469E-999F-BCCEAA6EAC30}.Debug|Any CPU.ActiveCfg = Debug|Any CPU
		{0E280D1F-F9CF-469E-999F-BCCEAA6EAC30}.Debug|Any CPU.Build.0 = Debug|Any CPU
		{0E280D1F-F9CF-469E-999F-BCCEAA6EAC30}.Release|Any CPU.ActiveCfg = Release|Any CPU
		{0E280D1F-F9CF-469E-999F-BCCEAA6EAC30}.Release|Any CPU.Build.0 = Release|Any CPU
	EndGlobalSection
	GlobalSection(SolutionProperties) = preSolution
		HideSolutionNode = FALSE
	EndGlobalSection
	GlobalSection(ExtensibilityGlobals) = postSolution
		SolutionGuid = {79BC14B8-FDE9-4E9F-AB2F-C259A2B0105F}
	EndGlobalSection
EndGlobal
